// !$*UTF8*$!
{
	archiveVersion = 1;
	classes = {
	};
	objectVersion = 56;
	objects = {

/* Begin PBXBuildFile section */
		BD4267942C52460700EAA6A0 /* myTestApp.swift in Sources */ = {isa = PBXBuildFile; fileRef = BD4267932C52460700EAA6A0 /* myTestApp.swift */; };
		BD4267962C52460700EAA6A0 /* ContentView.swift in Sources */ = {isa = PBXBuildFile; fileRef = BD4267952C52460700EAA6A0 /* ContentView.swift */; };
		BD4267982C52460900EAA6A0 /* Assets.xcassets in Resources */ = {isa = PBXBuildFile; fileRef = BD4267972C52460900EAA6A0 /* Assets.xcassets */; };
		BD42679B2C52460900EAA6A0 /* Preview Assets.xcassets in Resources */ = {isa = PBXBuildFile; fileRef = BD42679A2C52460900EAA6A0 /* Preview Assets.xcassets */; };
		BD4267A52C52460900EAA6A0 /* myTestTests.swift in Sources */ = {isa = PBXBuildFile; fileRef = BD4267A42C52460900EAA6A0 /* myTestTests.swift */; };
		BD4267AF2C52460900EAA6A0 /* myTestUITests.swift in Sources */ = {isa = PBXBuildFile; fileRef = BD4267AE2C52460900EAA6A0 /* myTestUITests.swift */; };
		BD4267B12C52460900EAA6A0 /* myTestUITestsLaunchTests.swift in Sources */ = {isa = PBXBuildFile; fileRef = BD4267B02C52460900EAA6A0 /* myTestUITestsLaunchTests.swift */; };
/* End PBXBuildFile section */

/* Begin PBXContainerItemProxy section */
		BD4267A12C52460900EAA6A0 /* PBXContainerItemProxy */ = {
			isa = PBXContainerItemProxy;
			containerPortal = BD4267882C52460700EAA6A0 /* Project object */;
			proxyType = 1;
			remoteGlobalIDString = BD42678F2C52460700EAA6A0;
			remoteInfo = myTest;
		};
		BD4267AB2C52460900EAA6A0 /* PBXContainerItemProxy */ = {
			isa = PBXContainerItemProxy;
			containerPortal = BD4267882C52460700EAA6A0 /* Project object */;
			proxyType = 1;
			remoteGlobalIDString = BD42678F2C52460700EAA6A0;
			remoteInfo = myTest;
		};
/* End PBXContainerItemProxy section */

/* Begin PBXFileReference section */
		BD4267902C52460700EAA6A0 /* myTest.app */ = {isa = PBXFileReference; explicitFileType = wrapper.application; includeInIndex = 0; path = myTest.app; sourceTree = BUILT_PRODUCTS_DIR; };
		BD4267932C52460700EAA6A0 /* myTestApp.swift */ = {isa = PBXFileReference; lastKnownFileType = sourcecode.swift; path = myTestApp.swift; sourceTree = "<group>"; };
		BD4267952C52460700EAA6A0 /* ContentView.swift */ = {isa = PBXFileReference; lastKnownFileType = sourcecode.swift; path = ContentView.swift; sourceTree = "<group>"; tabWidth = 4; usesTabs = 0; };
		BD4267972C52460900EAA6A0 /* Assets.xcassets */ = {isa = PBXFileReference; lastKnownFileType = folder.assetcatalog; path = Assets.xcassets; sourceTree = "<group>"; };
		BD42679A2C52460900EAA6A0 /* Preview Assets.xcassets */ = {isa = PBXFileReference; lastKnownFileType = folder.assetcatalog; path = "Preview Assets.xcassets"; sourceTree = "<group>"; };
		BD4267A02C52460900EAA6A0 /* myTestTests.xctest */ = {isa = PBXFileReference; explicitFileType = wrapper.cfbundle; includeInIndex = 0; path = myTestTests.xctest; sourceTree = BUILT_PRODUCTS_DIR; };
		BD4267A42C52460900EAA6A0 /* myTestTests.swift */ = {isa = PBXFileReference; lastKnownFileType = sourcecode.swift; path = myTestTests.swift; sourceTree = "<group>"; };
		BD4267AA2C52460900EAA6A0 /* myTestUITests.xctest */ = {isa = PBXFileReference; explicitFileType = wrapper.cfbundle; includeInIndex = 0; path = myTestUITests.xctest; sourceTree = BUILT_PRODUCTS_DIR; };
		BD4267AE2C52460900EAA6A0 /* myTestUITests.swift */ = {isa = PBXFileReference; lastKnownFileType = sourcecode.swift; path = myTestUITests.swift; sourceTree = "<group>"; };
		BD4267B02C52460900EAA6A0 /* myTestUITestsLaunchTests.swift */ = {isa = PBXFileReference; lastKnownFileType = sourcecode.swift; path = myTestUITestsLaunchTests.swift; sourceTree = "<group>"; };
/* End PBXFileReference section */

/* Begin PBXFrameworksBuildPhase section */
		BD42678D2C52460700EAA6A0 /* Frameworks */ = {
			isa = PBXFrameworksBuildPhase;
			buildActionMask = 2147483647;
			files = (
			);
			runOnlyForDeploymentPostprocessing = 0;
		};
		BD42679D2C52460900EAA6A0 /* Frameworks */ = {
			isa = PBXFrameworksBuildPhase;
			buildActionMask = 2147483647;
			files = (
			);
			runOnlyForDeploymentPostprocessing = 0;
		};
		BD4267A72C52460900EAA6A0 /* Frameworks */ = {
			isa = PBXFrameworksBuildPhase;
			buildActionMask = 2147483647;
			files = (
			);
			runOnlyForDeploymentPostprocessing = 0;
		};
/* End PBXFrameworksBuildPhase section */

/* Begin PBXGroup section */
		BD4267872C52460700EAA6A0 = {
			isa = PBXGroup;
			children = (
				BD4267922C52460700EAA6A0 /* myTest */,
				BD4267A32C52460900EAA6A0 /* myTestTests */,
				BD4267AD2C52460900EAA6A0 /* myTestUITests */,
				BD4267912C52460700EAA6A0 /* Products */,
			);
			sourceTree = "<group>";
		};
		BD4267912C52460700EAA6A0 /* Products */ = {
			isa = PBXGroup;
			children = (
				BD4267902C52460700EAA6A0 /* myTest.app */,
				BD4267A02C52460900EAA6A0 /* myTestTests.xctest */,
				BD4267AA2C52460900EAA6A0 /* myTestUITests.xctest */,
			);
			name = Products;
			sourceTree = "<group>";
		};
		BD4267922C52460700EAA6A0 /* myTest */ = {
			isa = PBXGroup;
			children = (
				BD4267932C52460700EAA6A0 /* myTestApp.swift */,
				BD4267952C52460700EAA6A0 /* ContentView.swift */,
				BD4267972C52460900EAA6A0 /* Assets.xcassets */,
				BD4267992C52460900EAA6A0 /* Preview Content */,
			);
			path = myTest;
			sourceTree = "<group>";
		};
		BD4267992C52460900EAA6A0 /* Preview Content */ = {
			isa = PBXGroup;
			children = (
				BD42679A2C52460900EAA6A0 /* Preview Assets.xcassets */,
			);
			path = "Preview Content";
			sourceTree = "<group>";
		};
		BD4267A32C52460900EAA6A0 /* myTestTests */ = {
			isa = PBXGroup;
			children = (
				BD4267A42C52460900EAA6A0 /* myTestTests.swift */,
			);
			path = myTestTests;
			sourceTree = "<group>";
		};
		BD4267AD2C52460900EAA6A0 /* myTestUITests */ = {
			isa = PBXGroup;
			children = (
				BD4267AE2C52460900EAA6A0 /* myTestUITests.swift */,
				BD4267B02C52460900EAA6A0 /* myTestUITestsLaunchTests.swift */,
			);
			path = myTestUITests;
			sourceTree = "<group>";
		};
/* End PBXGroup section */

/* Begin PBXNativeTarget section */
		BD42678F2C52460700EAA6A0 /* myTest */ = {
			isa = PBXNativeTarget;
			buildConfigurationList = BD4267B42C52460900EAA6A0 /* Build configuration list for PBXNativeTarget "myTest" */;
			buildPhases = (
				BD42678C2C52460700EAA6A0 /* Sources */,
				BD42678D2C52460700EAA6A0 /* Frameworks */,
				BD42678E2C52460700EAA6A0 /* Resources */,
			);
			buildRules = (
			);
			dependencies = (
			);
			name = myTest;
			productName = myTest;
			productReference = BD4267902C52460700EAA6A0 /* myTest.app */;
			productType = "com.apple.product-type.application";
		};
		BD42679F2C52460900EAA6A0 /* myTestTests */ = {
			isa = PBXNativeTarget;
			buildConfigurationList = BD4267B72C52460900EAA6A0 /* Build configuration list for PBXNativeTarget "myTestTests" */;
			buildPhases = (
				BD42679C2C52460900EAA6A0 /* Sources */,
				BD42679D2C52460900EAA6A0 /* Frameworks */,
				BD42679E2C52460900EAA6A0 /* Resources */,
			);
			buildRules = (
			);
			dependencies = (
				BD4267A22C52460900EAA6A0 /* PBXTargetDependency */,
			);
			name = myTestTests;
			productName = myTestTests;
			productReference = BD4267A02C52460900EAA6A0 /* myTestTests.xctest */;
			productType = "com.apple.product-type.bundle.unit-test";
		};
		BD4267A92C52460900EAA6A0 /* myTestUITests */ = {
			isa = PBXNativeTarget;
			buildConfigurationList = BD4267BA2C52460900EAA6A0 /* Build configuration list for PBXNativeTarget "myTestUITests" */;
			buildPhases = (
				BD4267A62C52460900EAA6A0 /* Sources */,
				BD4267A72C52460900EAA6A0 /* Frameworks */,
				BD4267A82C52460900EAA6A0 /* Resources */,
			);
			buildRules = (
			);
			dependencies = (
				BD4267AC2C52460900EAA6A0 /* PBXTargetDependency */,
			);
			name = myTestUITests;
			productName = myTestUITests;
			productReference = BD4267AA2C52460900EAA6A0 /* myTestUITests.xctest */;
			productType = "com.apple.product-type.bundle.ui-testing";
		};
/* End PBXNativeTarget section */

/* Begin PBXProject section */
		BD4267882C52460700EAA6A0 /* Project object */ = {
			isa = PBXProject;
			attributes = {
				BuildIndependentTargetsInParallel = 1;
				LastSwiftUpdateCheck = 1540;
				LastUpgradeCheck = 1540;
				TargetAttributes = {
					BD42678F2C52460700EAA6A0 = {
						CreatedOnToolsVersion = 15.4;
					};
					BD42679F2C52460900EAA6A0 = {
						CreatedOnToolsVersion = 15.4;
						TestTargetID = BD42678F2C52460700EAA6A0;
					};
					BD4267A92C52460900EAA6A0 = {
						CreatedOnToolsVersion = 15.4;
						TestTargetID = BD42678F2C52460700EAA6A0;
					};
				};
			};
			buildConfigurationList = BD42678B2C52460700EAA6A0 /* Build configuration list for PBXProject "myTest" */;
			compatibilityVersion = "Xcode 14.0";
			developmentRegion = en;
			hasScannedForEncodings = 0;
			knownRegions = (
				en,
				Base,
			);
			mainGroup = BD4267872C52460700EAA6A0;
			productRefGroup = BD4267912C52460700EAA6A0 /* Products */;
			projectDirPath = "";
			projectRoot = "";
			targets = (
				BD42678F2C52460700EAA6A0 /* myTest */,
				BD42679F2C52460900EAA6A0 /* myTestTests */,
				BD4267A92C52460900EAA6A0 /* myTestUITests */,
			);
		};
/* End PBXProject section */

/* Begin PBXResourcesBuildPhase section */
		BD42678E2C52460700EAA6A0 /* Resources */ = {
			isa = PBXResourcesBuildPhase;
			buildActionMask = 2147483647;
			files = (
				BD42679B2C52460900EAA6A0 /* Preview Assets.xcassets in Resources */,
				BD4267982C52460900EAA6A0 /* Assets.xcassets in Resources */,
			);
			runOnlyForDeploymentPostprocessing = 0;
		};
		BD42679E2C52460900EAA6A0 /* Resources */ = {
			isa = PBXResourcesBuildPhase;
			buildActionMask = 2147483647;
			files = (
			);
			runOnlyForDeploymentPostprocessing = 0;
		};
		BD4267A82C52460900EAA6A0 /* Resources */ = {
			isa = PBXResourcesBuildPhase;
			buildActionMask = 2147483647;
			files = (
			);
			runOnlyForDeploymentPostprocessing = 0;
		};
/* End PBXResourcesBuildPhase section */

/* Begin PBXSourcesBuildPhase section */
		BD42678C2C52460700EAA6A0 /* Sources */ = {
			isa = PBXSourcesBuildPhase;
			buildActionMask = 2147483647;
			files = (
				BD4267962C52460700EAA6A0 /* ContentView.swift in Sources */,
				BD4267942C52460700EAA6A0 /* myTestApp.swift in Sources */,
			);
			runOnlyForDeploymentPostprocessing = 0;
		};
		BD42679C2C52460900EAA6A0 /* Sources */ = {
			isa = PBXSourcesBuildPhase;
			buildActionMask = 2147483647;
			files = (
				BD4267A52C52460900EAA6A0 /* myTestTests.swift in Sources */,
			);
			runOnlyForDeploymentPostprocessing = 0;
		};
		BD4267A62C52460900EAA6A0 /* Sources */ = {
			isa = PBXSourcesBuildPhase;
			buildActionMask = 2147483647;
			files = (
				BD4267B12C52460900EAA6A0 /* myTestUITestsLaunchTests.swift in Sources */,
				BD4267AF2C52460900EAA6A0 /* myTestUITests.swift in Sources */,
			);
			runOnlyForDeploymentPostprocessing = 0;
		};
/* End PBXSourcesBuildPhase section */

/* Begin PBXTargetDependency section */
		BD4267A22C52460900EAA6A0 /* PBXTargetDependency */ = {
			isa = PBXTargetDependency;
			target = BD42678F2C52460700EAA6A0 /* myTest */;
			targetProxy = BD4267A12C52460900EAA6A0 /* PBXContainerItemProxy */;
		};
		BD4267AC2C52460900EAA6A0 /* PBXTargetDependency */ = {
			isa = PBXTargetDependency;
			target = BD42678F2C52460700EAA6A0 /* myTest */;
			targetProxy = BD4267AB2C52460900EAA6A0 /* PBXContainerItemProxy */;
		};
/* End PBXTargetDependency section */

/* Begin XCBuildConfiguration section */
		BD4267B22C52460900EAA6A0 /* Debug */ = {
			isa = XCBuildConfiguration;
			buildSettings = {
				ALWAYS_SEARCH_USER_PATHS = NO;
				ASSETCATALOG_COMPILER_GENERATE_SWIFT_ASSET_SYMBOL_EXTENSIONS = YES;
				CLANG_ANALYZER_NONNULL = YES;
				CLANG_ANALYZER_NUMBER_OBJECT_CONVERSION = YES_AGGRESSIVE;
				CLANG_CXX_LANGUAGE_STANDARD = "gnu++20";
				CLANG_ENABLE_MODULES = YES;
				CLANG_ENABLE_OBJC_ARC = YES;
				CLANG_ENABLE_OBJC_WEAK = YES;
				CLANG_WARN_BLOCK_CAPTURE_AUTORELEASING = YES;
				CLANG_WARN_BOOL_CONVERSION = YES;
				CLANG_WARN_COMMA = YES;
				CLANG_WARN_CONSTANT_CONVERSION = YES;
				CLANG_WARN_DEPRECATED_OBJC_IMPLEMENTATIONS = YES;
				CLANG_WARN_DIRECT_OBJC_ISA_USAGE = YES_ERROR;
				CLANG_WARN_DOCUMENTATION_COMMENTS = YES;
				CLANG_WARN_EMPTY_BODY = YES;
				CLANG_WARN_ENUM_CONVERSION = YES;
				CLANG_WARN_INFINITE_RECURSION = YES;
				CLANG_WARN_INT_CONVERSION = YES;
				CLANG_WARN_NON_LITERAL_NULL_CONVERSION = YES;
				CLANG_WARN_OBJC_IMPLICIT_RETAIN_SELF = YES;
				CLANG_WARN_OBJC_LITERAL_CONVERSION = YES;
				CLANG_WARN_OBJC_ROOT_CLASS = YES_ERROR;
				CLANG_WARN_QUOTED_INCLUDE_IN_FRAMEWORK_HEADER = YES;
				CLANG_WARN_RANGE_LOOP_ANALYSIS = YES;
				CLANG_WARN_STRICT_PROTOTYPES = YES;
				CLANG_WARN_SUSPICIOUS_MOVE = YES;
				CLANG_WARN_UNGUARDED_AVAILABILITY = YES_AGGRESSIVE;
				CLANG_WARN_UNREACHABLE_CODE = YES;
				CLANG_WARN__DUPLICATE_METHOD_MATCH = YES;
				COPY_PHASE_STRIP = NO;
				DEBUG_INFORMATION_FORMAT = dwarf;
				ENABLE_STRICT_OBJC_MSGSEND = YES;
				ENABLE_TESTABILITY = YES;
				ENABLE_USER_SCRIPT_SANDBOXING = YES;
				GCC_C_LANGUAGE_STANDARD = gnu17;
				GCC_DYNAMIC_NO_PIC = NO;
				GCC_NO_COMMON_BLOCKS = YES;
				GCC_OPTIMIZATION_LEVEL = 0;
				GCC_PREPROCESSOR_DEFINITIONS = (
					"DEBUG=1",
					"$(inherited)",
				);
				GCC_WARN_64_TO_32_BIT_CONVERSION = YES;
				GCC_WARN_ABOUT_RETURN_TYPE = YES_ERROR;
				GCC_WARN_UNDECLARED_SELECTOR = YES;
				GCC_WARN_UNINITIALIZED_AUTOS = YES_AGGRESSIVE;
				GCC_WARN_UNUSED_FUNCTION = YES;
				GCC_WARN_UNUSED_VARIABLE = YES;
				IPHONEOS_DEPLOYMENT_TARGET = 17.5;
				LOCALIZATION_PREFERS_STRING_CATALOGS = YES;
				MTL_ENABLE_DEBUG_INFO = INCLUDE_SOURCE;
				MTL_FAST_MATH = YES;
				ONLY_ACTIVE_ARCH = YES;
				SDKROOT = iphoneos;
				SWIFT_ACTIVE_COMPILATION_CONDITIONS = "DEBUG $(inherited)";
				SWIFT_OPTIMIZATION_LEVEL = "-Onone";
			};
			name = Debug;
		};
		BD4267B32C52460900EAA6A0 /* Release */ = {
			isa = XCBuildConfiguration;
			buildSettings = {
				ALWAYS_SEARCH_USER_PATHS = NO;
				ASSETCATALOG_COMPILER_GENERATE_SWIFT_ASSET_SYMBOL_EXTENSIONS = YES;
				CLANG_ANALYZER_NONNULL = YES;
				CLANG_ANALYZER_NUMBER_OBJECT_CONVERSION = YES_AGGRESSIVE;
				CLANG_CXX_LANGUAGE_STANDARD = "gnu++20";
				CLANG_ENABLE_MODULES = YES;
				CLANG_ENABLE_OBJC_ARC = YES;
				CLANG_ENABLE_OBJC_WEAK = YES;
				CLANG_WARN_BLOCK_CAPTURE_AUTORELEASING = YES;
				CLANG_WARN_BOOL_CONVERSION = YES;
				CLANG_WARN_COMMA = YES;
				CLANG_WARN_CONSTANT_CONVERSION = YES;
				CLANG_WARN_DEPRECATED_OBJC_IMPLEMENTATIONS = YES;
				CLANG_WARN_DIRECT_OBJC_ISA_USAGE = YES_ERROR;
				CLANG_WARN_DOCUMENTATION_COMMENTS = YES;
				CLANG_WARN_EMPTY_BODY = YES;
				CLANG_WARN_ENUM_CONVERSION = YES;
				CLANG_WARN_INFINITE_RECURSION = YES;
				CLANG_WARN_INT_CONVERSION = YES;
				CLANG_WARN_NON_LITERAL_NULL_CONVERSION = YES;
				CLANG_WARN_OBJC_IMPLICIT_RETAIN_SELF = YES;
				CLANG_WARN_OBJC_LITERAL_CONVERSION = YES;
				CLANG_WARN_OBJC_ROOT_CLASS = YES_ERROR;
				CLANG_WARN_QUOTED_INCLUDE_IN_FRAMEWORK_HEADER = YES;
				CLANG_WARN_RANGE_LOOP_ANALYSIS = YES;
				CLANG_WARN_STRICT_PROTOTYPES = YES;
				CLANG_WARN_SUSPICIOUS_MOVE = YES;
				CLANG_WARN_UNGUARDED_AVAILABILITY = YES_AGGRESSIVE;
				CLANG_WARN_UNREACHABLE_CODE = YES;
				CLANG_WARN__DUPLICATE_METHOD_MATCH = YES;
				COPY_PHASE_STRIP = NO;
				DEBUG_INFORMATION_FORMAT = "dwarf-with-dsym";
				ENABLE_NS_ASSERTIONS = NO;
				ENABLE_STRICT_OBJC_MSGSEND = YES;
				ENABLE_USER_SCRIPT_SANDBOXING = YES;
				GCC_C_LANGUAGE_STANDARD = gnu17;
				GCC_NO_COMMON_BLOCKS = YES;
				GCC_WARN_64_TO_32_BIT_CONVERSION = YES;
				GCC_WARN_ABOUT_RETURN_TYPE = YES_ERROR;
				GCC_WARN_UNDECLARED_SELECTOR = YES;
				GCC_WARN_UNINITIALIZED_AUTOS = YES_AGGRESSIVE;
				GCC_WARN_UNUSED_FUNCTION = YES;
				GCC_WARN_UNUSED_VARIABLE = YES;
				IPHONEOS_DEPLOYMENT_TARGET = 17.5;
				LOCALIZATION_PREFERS_STRING_CATALOGS = YES;
				MTL_ENABLE_DEBUG_INFO = NO;
				MTL_FAST_MATH = YES;
				SDKROOT = iphoneos;
				SWIFT_COMPILATION_MODE = wholemodule;
				VALIDATE_PRODUCT = YES;
			};
			name = Release;
		};
		BD4267B52C52460900EAA6A0 /* Debug */ = {
			isa = XCBuildConfiguration;
			buildSettings = {
				ASSETCATALOG_COMPILER_APPICON_NAME = AppIcon;
				ASSETCATALOG_COMPILER_GLOBAL_ACCENT_COLOR_NAME = AccentColor;
				CODE_SIGN_STYLE = Automatic;
				CURRENT_PROJECT_VERSION = 1;
				DEVELOPMENT_ASSET_PATHS = "\"myTest/Preview Content\"";
				ENABLE_PREVIEWS = YES;
				GENERATE_INFOPLIST_FILE = YES;
				INFOPLIST_KEY_UIApplicationSceneManifest_Generation = YES;
				INFOPLIST_KEY_UIApplicationSupportsIndirectInputEvents = YES;
				INFOPLIST_KEY_UILaunchScreen_Generation = YES;
				INFOPLIST_KEY_UISupportedInterfaceOrientations_iPad = "UIInterfaceOrientationPortrait UIInterfaceOrientationPortraitUpsideDown UIInterfaceOrientationLandscapeLeft UIInterfaceOrientationLandscapeRight";
				INFOPLIST_KEY_UISupportedInterfaceOrientations_iPhone = "UIInterfaceOrientationPortrait UIInterfaceOrientationLandscapeLeft UIInterfaceOrientationLandscapeRight";
				LD_RUNPATH_SEARCH_PATHS = (
					"$(inherited)",
					"@executable_path/Frameworks",
				);
				MARKETING_VERSION = 1.0;
				PRODUCT_BUNDLE_IDENTIFIER = kwk.myTest;
				PRODUCT_NAME = "$(TARGET_NAME)";
				SWIFT_EMIT_LOC_STRINGS = YES;
				SWIFT_VERSION = 5.0;
				TARGETED_DEVICE_FAMILY = "1,2";
			};
			name = Debug;
		};
		BD4267B62C52460900EAA6A0 /* Release */ = {
			isa = XCBuildConfiguration;
			buildSettings = {
				ASSETCATALOG_COMPILER_APPICON_NAME = AppIcon;
				ASSETCATALOG_COMPILER_GLOBAL_ACCENT_COLOR_NAME = AccentColor;
				CODE_SIGN_STYLE = Automatic;
				CURRENT_PROJECT_VERSION = 1;
				DEVELOPMENT_ASSET_PATHS = "\"myTest/Preview Content\"";
				ENABLE_PREVIEWS = YES;
				GENERATE_INFOPLIST_FILE = YES;
				INFOPLIST_KEY_UIApplicationSceneManifest_Generation = YES;
				INFOPLIST_KEY_UIApplicationSupportsIndirectInputEvents = YES;
				INFOPLIST_KEY_UILaunchScreen_Generation = YES;
				INFOPLIST_KEY_UISupportedInterfaceOrientations_iPad = "UIInterfaceOrientationPortrait UIInterfaceOrientationPortraitUpsideDown UIInterfaceOrientationLandscapeLeft UIInterfaceOrientationLandscapeRight";
				INFOPLIST_KEY_UISupportedInterfaceOrientations_iPhone = "UIInterfaceOrientationPortrait UIInterfaceOrientationLandscapeLeft UIInterfaceOrientationLandscapeRight";
				LD_RUNPATH_SEARCH_PATHS = (
					"$(inherited)",
					"@executable_path/Frameworks",
				);
				MARKETING_VERSION = 1.0;
				PRODUCT_BUNDLE_IDENTIFIER = kwk.myTest;
				PRODUCT_NAME = "$(TARGET_NAME)";
				SWIFT_EMIT_LOC_STRINGS = YES;
				SWIFT_VERSION = 5.0;
				TARGETED_DEVICE_FAMILY = "1,2";
			};
			name = Release;
		};
		BD4267B82C52460900EAA6A0 /* Debug */ = {
			isa = XCBuildConfiguration;
			buildSettings = {
				ALWAYS_EMBED_SWIFT_STANDARD_LIBRARIES = YES;
				BUNDLE_LOADER = "$(TEST_HOST)";
				CODE_SIGN_STYLE = Automatic;
				CURRENT_PROJECT_VERSION = 1;
				GENERATE_INFOPLIST_FILE = YES;
				IPHONEOS_DEPLOYMENT_TARGET = 17.5;
				MARKETING_VERSION = 1.0;
				PRODUCT_BUNDLE_IDENTIFIER = kwk.myTestTests;
				PRODUCT_NAME = "$(TARGET_NAME)";
				SWIFT_EMIT_LOC_STRINGS = NO;
				SWIFT_VERSION = 5.0;
				TARGETED_DEVICE_FAMILY = "1,2";
				TEST_HOST = "$(BUILT_PRODUCTS_DIR)/myTest.app/$(BUNDLE_EXECUTABLE_FOLDER_PATH)/myTest";
			};
			name = Debug;
		};
		BD4267B92C52460900EAA6A0 /* Release */ = {
			isa = XCBuildConfiguration;
			buildSettings = {
				ALWAYS_EMBED_SWIFT_STANDARD_LIBRARIES = YES;
				BUNDLE_LOADER = "$(TEST_HOST)";
				CODE_SIGN_STYLE = Automatic;
				CURRENT_PROJECT_VERSION = 1;
				GENERATE_INFOPLIST_FILE = YES;
				IPHONEOS_DEPLOYMENT_TARGET = 17.5;
				MARKETING_VERSION = 1.0;
				PRODUCT_BUNDLE_IDENTIFIER = kwk.myTestTests;
				PRODUCT_NAME = "$(TARGET_NAME)";
				SWIFT_EMIT_LOC_STRINGS = NO;
				SWIFT_VERSION = 5.0;
				TARGETED_DEVICE_FAMILY = "1,2";
				TEST_HOST = "$(BUILT_PRODUCTS_DIR)/myTest.app/$(BUNDLE_EXECUTABLE_FOLDER_PATH)/myTest";
			};
			name = Release;
		};
		BD4267BB2C52460900EAA6A0 /* Debug */ = {
			isa = XCBuildConfiguration;
			buildSettings = {
				ALWAYS_EMBED_SWIFT_STANDARD_LIBRARIES = YES;
				CODE_SIGN_STYLE = Automatic;
				CURRENT_PROJECT_VERSION = 1;
				GENERATE_INFOPLIST_FILE = YES;
				MARKETING_VERSION = 1.0;
				PRODUCT_BUNDLE_IDENTIFIER = kwk.myTestUITests;
				PRODUCT_NAME = "$(TARGET_NAME)";
				SWIFT_EMIT_LOC_STRINGS = NO;
				SWIFT_VERSION = 5.0;
				TARGETED_DEVICE_FAMILY = "1,2";
				TEST_TARGET_NAME = myTest;
			};
			name = Debug;
		};
		BD4267BC2C52460900EAA6A0 /* Release */ = {
			isa = XCBuildConfiguration;
			buildSettings = {
				ALWAYS_EMBED_SWIFT_STANDARD_LIBRARIES = YES;
				CODE_SIGN_STYLE = Automatic;
				CURRENT_PROJECT_VERSION = 1;
				GENERATE_INFOPLIST_FILE = YES;
				MARKETING_VERSION = 1.0;
				PRODUCT_BUNDLE_IDENTIFIER = kwk.myTestUITests;
				PRODUCT_NAME = "$(TARGET_NAME)";
				SWIFT_EMIT_LOC_STRINGS = NO;
				SWIFT_VERSION = 5.0;
				TARGETED_DEVICE_FAMILY = "1,2";
				TEST_TARGET_NAME = myTest;
			};
			name = Release;
		};
/* End XCBuildConfiguration section */

/* Begin XCConfigurationList section */
		BD42678B2C52460700EAA6A0 /* Build configuration list for PBXProject "myTest" */ = {
			isa = XCConfigurationList;
			buildConfigurations = (
				BD4267B22C52460900EAA6A0 /* Debug */,
				BD4267B32C52460900EAA6A0 /* Release */,
			);
			defaultConfigurationIsVisible = 0;
			defaultConfigurationName = Release;
		};
		BD4267B42C52460900EAA6A0 /* Build configuration list for PBXNativeTarget "myTest" */ = {
			isa = XCConfigurationList;
			buildConfigurations = (
				BD4267B52C52460900EAA6A0 /* Debug */,
				BD4267B62C52460900EAA6A0 /* Release */,
			);
			defaultConfigurationIsVisible = 0;
			defaultConfigurationName = Release;
		};
		BD4267B72C52460900EAA6A0 /* Build configuration list for PBXNativeTarget "myTestTests" */ = {
			isa = XCConfigurationList;
			buildConfigurations = (
				BD4267B82C52460900EAA6A0 /* Debug */,
				BD4267B92C52460900EAA6A0 /* Release */,
			);
			defaultConfigurationIsVisible = 0;
			defaultConfigurationName = Release;
		};
		BD4267BA2C52460900EAA6A0 /* Build configuration list for PBXNativeTarget "myTestUITests" */ = {
			isa = XCConfigurationList;
			buildConfigurations = (
				BD4267BB2C52460900EAA6A0 /* Debug */,
				BD4267BC2C52460900EAA6A0 /* Release */,
			);
			defaultConfigurationIsVisible = 0;
			defaultConfigurationName = Release;
		};
/* End XCConfigurationList section */
	};
	rootObject = BD4267882C52460700EAA6A0 /* Project object */;
}
